
Microsoft Visual Studio Solution File, Format Version 12.00
# Visual Studio Version 16
VisualStudioVersion = 16.0.30114.105
MinimumVisualStudioVersion = 10.0.40219.1
Project("{2150E333-8FDC-42A3-9474-1A3956D46DE8}") = "src", "src", "{46450A48-0B54-40BE-9E69-8F13B37EF3B7}"
EndProject
Project("{FAE04EC0-301F-11D3-BF4B-00C04F79EFBC}") = "Kerbero.WebApi", "src\Kerbero.WebApi\Kerbero.WebApi.csproj", "{A77A7031-2EC8-4069-B9EE-09057ED87880}"
EndProject
Project("{2150E333-8FDC-42A3-9474-1A3956D46DE8}") = "tests", "tests", "{C612E6FE-76C3-4A5E-9F2F-DA6BC150E6D8}"
EndProject
Project("{FAE04EC0-301F-11D3-BF4B-00C04F79EFBC}") = "Kerbero.Domain", "src\Kerbero.Domain\Kerbero.Domain.csproj", "{6108DA6C-AF7A-40BB-B70F-5870D8A6718C}"
EndProject
Project("{FAE04EC0-301F-11D3-BF4B-00C04F79EFBC}") = "Kerbero.Domain.Tests", "tests\Kerbero.Domain.Tests\Kerbero.Domain.Tests.csproj", "{A6332F07-F2AD-413E-8CDD-4F7208DA1EE8}"
EndProject
Project("{FAE04EC0-301F-11D3-BF4B-00C04F79EFBC}") = "Kerbero.Infrastructure", "src\Kerbero.Infrastructure\Kerbero.Infrastructure.csproj", "{C1F7198E-50C6-4E9E-B84D-605CD287B673}"
EndProject
Project("{FAE04EC0-301F-11D3-BF4B-00C04F79EFBC}") = "Kerbero.Infrastructure.Tests", "tests\Kerbero.Infrastructure.Tests\Kerbero.Infrastructure.Tests.csproj", "{94EB98AC-5086-48F3-97B8-80CB0A4BE3C6}"
EndProject
Project("{FAE04EC0-301F-11D3-BF4B-00C04F79EFBC}") = "Kerbero.WebApi.Tests", "tests\Kerbero.WebApi.Tests\Kerbero.WebApi.Tests.csproj", "{A55468A3-3663-4550-92AC-BF25FD1C4879}"
EndProject
Project("{FAE04EC0-301F-11D3-BF4B-00C04F79EFBC}") = "Kerbero.Integration.Tests", "tests\Kerbero.Integration.Tests\Kerbero.Integration.Tests.csproj", "{D24A32B1-DD90-4E56-8B7D-F6BF4AD719B3}"
EndProject
Global
	GlobalSection(SolutionConfigurationPlatforms) = preSolution
		Debug|Any CPU = Debug|Any CPU
		Release|Any CPU = Release|Any CPU
	EndGlobalSection
	GlobalSection(SolutionProperties) = preSolution
		HideSolutionNode = FALSE
	EndGlobalSection
	GlobalSection(ProjectConfigurationPlatforms) = postSolution
		{A77A7031-2EC8-4069-B9EE-09057ED87880}.Debug|Any CPU.ActiveCfg = Debug|Any CPU
		{A77A7031-2EC8-4069-B9EE-09057ED87880}.Debug|Any CPU.Build.0 = Debug|Any CPU
		{A77A7031-2EC8-4069-B9EE-09057ED87880}.Release|Any CPU.ActiveCfg = Release|Any CPU
		{A77A7031-2EC8-4069-B9EE-09057ED87880}.Release|Any CPU.Build.0 = Release|Any CPU
		{6108DA6C-AF7A-40BB-B70F-5870D8A6718C}.Debug|Any CPU.ActiveCfg = Debug|Any CPU
		{6108DA6C-AF7A-40BB-B70F-5870D8A6718C}.Debug|Any CPU.Build.0 = Debug|Any CPU
		{6108DA6C-AF7A-40BB-B70F-5870D8A6718C}.Release|Any CPU.ActiveCfg = Release|Any CPU
		{6108DA6C-AF7A-40BB-B70F-5870D8A6718C}.Release|Any CPU.Build.0 = Release|Any CPU
		{A6332F07-F2AD-413E-8CDD-4F7208DA1EE8}.Debug|Any CPU.ActiveCfg = Debug|Any CPU
		{A6332F07-F2AD-413E-8CDD-4F7208DA1EE8}.Debug|Any CPU.Build.0 = Debug|Any CPU
		{A6332F07-F2AD-413E-8CDD-4F7208DA1EE8}.Release|Any CPU.ActiveCfg = Release|Any CPU
		{A6332F07-F2AD-413E-8CDD-4F7208DA1EE8}.Release|Any CPU.Build.0 = Release|Any CPU
		{C1F7198E-50C6-4E9E-B84D-605CD287B673}.Debug|Any CPU.ActiveCfg = Debug|Any CPU
		{C1F7198E-50C6-4E9E-B84D-605CD287B673}.Debug|Any CPU.Build.0 = Debug|Any CPU
		{C1F7198E-50C6-4E9E-B84D-605CD287B673}.Release|Any CPU.ActiveCfg = Release|Any CPU
		{C1F7198E-50C6-4E9E-B84D-605CD287B673}.Release|Any CPU.Build.0 = Release|Any CPU
		{94EB98AC-5086-48F3-97B8-80CB0A4BE3C6}.Debug|Any CPU.ActiveCfg = Debug|Any CPU
		{94EB98AC-5086-48F3-97B8-80CB0A4BE3C6}.Debug|Any CPU.Build.0 = Debug|Any CPU
		{94EB98AC-5086-48F3-97B8-80CB0A4BE3C6}.Release|Any CPU.ActiveCfg = Release|Any CPU
		{94EB98AC-5086-48F3-97B8-80CB0A4BE3C6}.Release|Any CPU.Build.0 = Release|Any CPU
		{A55468A3-3663-4550-92AC-BF25FD1C4879}.Debug|Any CPU.ActiveCfg = Debug|Any CPU
		{A55468A3-3663-4550-92AC-BF25FD1C4879}.Debug|Any CPU.Build.0 = Debug|Any CPU
		{A55468A3-3663-4550-92AC-BF25FD1C4879}.Release|Any CPU.ActiveCfg = Release|Any CPU
		{A55468A3-3663-4550-92AC-BF25FD1C4879}.Release|Any CPU.Build.0 = Release|Any CPU
		{D24A32B1-DD90-4E56-8B7D-F6BF4AD719B3}.Debug|Any CPU.ActiveCfg = Debug|Any CPU
		{D24A32B1-DD90-4E56-8B7D-F6BF4AD719B3}.Debug|Any CPU.Build.0 = Debug|Any CPU
		{D24A32B1-DD90-4E56-8B7D-F6BF4AD719B3}.Release|Any CPU.ActiveCfg = Release|Any CPU
		{D24A32B1-DD90-4E56-8B7D-F6BF4AD719B3}.Release|Any CPU.Build.0 = Release|Any CPU
	EndGlobalSection
	GlobalSection(NestedProjects) = preSolution
		{A77A7031-2EC8-4069-B9EE-09057ED87880} = {46450A48-0B54-40BE-9E69-8F13B37EF3B7}
		{6108DA6C-AF7A-40BB-B70F-5870D8A6718C} = {46450A48-0B54-40BE-9E69-8F13B37EF3B7}
		{A6332F07-F2AD-413E-8CDD-4F7208DA1EE8} = {C612E6FE-76C3-4A5E-9F2F-DA6BC150E6D8}
		{C1F7198E-50C6-4E9E-B84D-605CD287B673} = {46450A48-0B54-40BE-9E69-8F13B37EF3B7}
		{94EB98AC-5086-48F3-97B8-80CB0A4BE3C6} = {C612E6FE-76C3-4A5E-9F2F-DA6BC150E6D8}
		{A55468A3-3663-4550-92AC-BF25FD1C4879} = {C612E6FE-76C3-4A5E-9F2F-DA6BC150E6D8}
		{D24A32B1-DD90-4E56-8B7D-F6BF4AD719B3} = {C612E6FE-76C3-4A5E-9F2F-DA6BC150E6D8}
	EndGlobalSection
EndGlobal
